PODS:
  - GavinAudiorecorder (0.1.0)

DEPENDENCIES:
  - GavinAudiorecorder (from `../`)

EXTERNAL SOURCES:
  GavinAudiorecorder:
    :path: "../"

SPEC CHECKSUMS:
  GavinAudiorecorder: 8efd4a4bd860faa065c44ae8ea6f15f49fc94697

PODFILE CHECKSUM: 68633771db69e736cc82f8aaa4714887a2135198

COCOAPODS: 1.11.3
